
Microsoft Visual Studio Solution File, Format Version 12.00
# Visual Studio 15
VisualStudioVersion = 15.0.26730.16
MinimumVisualStudioVersion = 10.0.40219.1
Project("{FAE04EC0-301F-11D3-BF4B-00C04F79EFBC}") = "Har6Teht1", "Har6Teht1.csproj", "{C1B63A41-457F-4797-920F-246E8DDA6844}"
EndProject
Global
	GlobalSection(SolutionConfigurationPlatforms) = preSolution
		Debug|Any CPU = Debug|Any CPU
		Release|Any CPU = Release|Any CPU
	EndGlobalSection
	GlobalSection(ProjectConfigurationPlatforms) = postSolution
		{C1B63A41-457F-4797-920F-246E8DDA6844}.Debug|Any CPU.ActiveCfg = Debug|Any CPU
		{C1B63A41-457F-4797-920F-246E8DDA6844}.Debug|Any CPU.Build.0 = Debug|Any CPU
		{C1B63A41-457F-4797-920F-246E8DDA6844}.Release|Any CPU.ActiveCfg = Release|Any CPU
		{C1B63A41-457F-4797-920F-246E8DDA6844}.Release|Any CPU.Build.0 = Release|Any CPU
	EndGlobalSection
	GlobalSection(SolutionProperties) = preSolution
		HideSolutionNode = FALSE
	EndGlobalSection
	GlobalSection(ExtensibilityGlobals) = postSolution
		SolutionGuid = {094406A9-9071-4C9C-BAAD-38FC3B830BE7}
	EndGlobalSection
EndGlobal
